
Microsoft Visual Studio Solution File, Format Version 12.00
# Visual Studio 15
VisualStudioVersion = 15.0.28307.271
MinimumVisualStudioVersion = 10.0.40219.1
Project("{8BC9CEB8-8B4A-11D0-8D11-00A0C91BC942}") = "BST_oc_lg", "BST_oc_lg\BST_oc_lg.vcxproj", "{8BA62B6E-C05D-47E9-99ED-6ECB620F33C2}"
EndProject
Global
	GlobalSection(SolutionConfigurationPlatforms) = preSolution
		Debug|x64 = Debug|x64
		Debug|x86 = Debug|x86
		Release|x64 = Release|x64
		Release|x86 = Release|x86
	EndGlobalSection
	GlobalSection(ProjectConfigurationPlatforms) = postSolution
		{8BA62B6E-C05D-47E9-99ED-6ECB620F33C2}.Debug|x64.ActiveCfg = Debug|x64
		{8BA62B6E-C05D-47E9-99ED-6ECB620F33C2}.Debug|x64.Build.0 = Debug|x64
		{8BA62B6E-C05D-47E9-99ED-6ECB620F33C2}.Debug|x86.ActiveCfg = Debug|Win32
		{8BA62B6E-C05D-47E9-99ED-6ECB620F33C2}.Debug|x86.Build.0 = Debug|Win32
		{8BA62B6E-C05D-47E9-99ED-6ECB620F33C2}.Release|x64.ActiveCfg = Release|x64
		{8BA62B6E-C05D-47E9-99ED-6ECB620F33C2}.Release|x64.Build.0 = Release|x64
		{8BA62B6E-C05D-47E9-99ED-6ECB620F33C2}.Release|x86.ActiveCfg = Release|Win32
		{8BA62B6E-C05D-47E9-99ED-6ECB620F33C2}.Release|x86.Build.0 = Release|Win32
	EndGlobalSection
	GlobalSection(SolutionProperties) = preSolution
		HideSolutionNode = FALSE
	EndGlobalSection
	GlobalSection(ExtensibilityGlobals) = postSolution
		SolutionGuid = {0757FF2A-F634-431D-B64E-1962A1F35700}
	EndGlobalSection
EndGlobal
