
Microsoft Visual Studio Solution File, Format Version 12.00
# Visual Studio 15
VisualStudioVersion = 15.0.28307.271
MinimumVisualStudioVersion = 10.0.40219.1
Project("{8BC9CEB8-8B4A-11D0-8D11-00A0C91BC942}") = "Sort_oc_lg", "Sort_oc_lg\Sort_oc_lg.vcxproj", "{E7AE01B0-EB71-4E79-BFBD-08C574386DA4}"
EndProject
Global
	GlobalSection(SolutionConfigurationPlatforms) = preSolution
		Debug|x64 = Debug|x64
		Debug|x86 = Debug|x86
		Release|x64 = Release|x64
		Release|x86 = Release|x86
	EndGlobalSection
	GlobalSection(ProjectConfigurationPlatforms) = postSolution
		{E7AE01B0-EB71-4E79-BFBD-08C574386DA4}.Debug|x64.ActiveCfg = Debug|x64
		{E7AE01B0-EB71-4E79-BFBD-08C574386DA4}.Debug|x64.Build.0 = Debug|x64
		{E7AE01B0-EB71-4E79-BFBD-08C574386DA4}.Debug|x86.ActiveCfg = Debug|Win32
		{E7AE01B0-EB71-4E79-BFBD-08C574386DA4}.Debug|x86.Build.0 = Debug|Win32
		{E7AE01B0-EB71-4E79-BFBD-08C574386DA4}.Release|x64.ActiveCfg = Release|x64
		{E7AE01B0-EB71-4E79-BFBD-08C574386DA4}.Release|x64.Build.0 = Release|x64
		{E7AE01B0-EB71-4E79-BFBD-08C574386DA4}.Release|x86.ActiveCfg = Release|Win32
		{E7AE01B0-EB71-4E79-BFBD-08C574386DA4}.Release|x86.Build.0 = Release|Win32
	EndGlobalSection
	GlobalSection(SolutionProperties) = preSolution
		HideSolutionNode = FALSE
	EndGlobalSection
	GlobalSection(ExtensibilityGlobals) = postSolution
		SolutionGuid = {598795B3-D507-4A0C-87FA-B952F3E5501B}
	EndGlobalSection
EndGlobal
